dependencies:
- name: keda
  repository: https://kedacore.github.io/charts
  version: 2.19.0
- name: seaweedfs
  repository: https://seaweedfs.github.io/seaweedfs/helm
  version: 4.28.0
- name: argo-workflows
  repository: oci://ghcr.io/argoproj/argo-helm
  version: 1.0.14
- name: kro
  repository: oci://registry.k8s.io/kro/charts
  version: 0.9.4
- name: kserve-crd
  repository: oci://ghcr.io/kserve/charts
  version: v0.18.0-rc1
- name: kserve-resources
  repository: oci://ghcr.io/kserve/charts
  version: v0.18.0-rc1
digest: sha256:1e84619d75ec239ffd96504475d7598ad4a2f029437483a4ea457dd58cc74fb6
generated: "2026-10-06T07:45:14.51497593Z"
