# @generated - this file is auto-generated by `mise lock` https://mise.en.dev/dev-tools/mise-lock.html

[[tools.bun]]
version = "1.3.13"
backend = "core:bun"

[tools.bun."platforms.linux-arm64"]
checksum = "sha256:70bae41b3908b0a120e1e58c5c8af30e74afae3b8d11b0d3fdd8e787ddfb4b22"
url = "https://github.com/oven-sh/bun/releases/download/bun-v1.3.13/bun-linux-aarch64.zip"

[tools.bun."platforms.linux-arm64-musl"]
checksum = "sha256:5385e978107ce4934298d8d6afe9bfbb898683f6cc23e6753a0da60bc60c5b81"
url = "https://github.com/oven-sh/bun/releases/download/bun-v1.3.13/bun-linux-aarch64-musl.zip"

[tools.bun."platforms.linux-x64"]
checksum = "sha256:79c0771fa8b92c33aae41e15a0e0d307ea99d0e2f00317c71c6c53237a78e25a"
url = "https://github.com/oven-sh/bun/releases/download/bun-v1.3.13/bun-linux-x64.zip"

[tools.bun."platforms.linux-x64-baseline"]
checksum = "sha256:9d8a24292a7068090205daac0a5a223f5f69736f5287e37bf88d3b4031edc750"
url = "https://github.com/oven-sh/bun/releases/download/bun-v1.3.13/bun-linux-x64-baseline.zip"

[tools.bun."platforms.linux-x64-musl"]
checksum = "sha256:5b91a48f0b00df9fd2da8bff1a795d2659d842da966432969203f25da19d1c74"
url = "https://github.com/oven-sh/bun/releases/download/bun-v1.3.13/bun-linux-x64-musl.zip"

[tools.bun."platforms.linux-x64-musl-baseline"]
checksum = "sha256:88ca7c7ad235b498f549eea2f770f434e9f0f5e9ba95168a2d3a1f235184c394"
url = "https://github.com/oven-sh/bun/releases/download/bun-v1.3.13/bun-linux-x64-musl-baseline.zip"

[tools.bun."platforms.macos-arm64"]
checksum = "sha256:5467e3f65dba526b9fea98f0cce04efafc0c63e169733ec27b876a3ad32da190"
url = "https://github.com/oven-sh/bun/releases/download/bun-v1.3.13/bun-darwin-aarch64.zip"

[tools.bun."platforms.macos-x64"]
checksum = "sha256:e5a6c8b64f419925232d111ecb13e25f0abf55e54f792341f987623fd0778009"
url = "https://github.com/oven-sh/bun/releases/download/bun-v1.3.13/bun-darwin-x64.zip"

[tools.bun."platforms.macos-x64-baseline"]
checksum = "sha256:a98ba6a480f22fda9b343626b906a4e26aa53618bf85d2bc5928ecf2ba45f0ed"
url = "https://github.com/oven-sh/bun/releases/download/bun-v1.3.13/bun-darwin-x64-baseline.zip"

[tools.bun."platforms.windows-x64"]
checksum = "sha256:85b14f3e0584218e9b63407b3aa6b90c4835ec5c32435c1f12cb6fc13667c7c9"
url = "https://github.com/oven-sh/bun/releases/download/bun-v1.3.13/bun-windows-x64.zip"

[tools.bun."platforms.windows-x64-baseline"]
checksum = "sha256:c68c7903c1190101590cc1b2129835f47211b3b37ae87759f2b97d6534aa3ad1"
url = "https://github.com/oven-sh/bun/releases/download/bun-v1.3.13/bun-windows-x64-baseline.zip"

[[tools.helm]]
version = "4.1.4"
backend = "aqua:helm/helm"

[tools.helm."platforms.linux-arm64"]
checksum = "sha256:13d03672be289045d2ff00e4e345d61de1c6f21c1257a45955a30e8ae036d8f1"
url = "https://get.helm.sh/helm-v4.1.4-linux-arm64.tar.gz"

[tools.helm."platforms.linux-arm64-musl"]
checksum = "sha256:13d03672be289045d2ff00e4e345d61de1c6f21c1257a45955a30e8ae036d8f1"
url = "https://get.helm.sh/helm-v4.1.4-linux-arm64.tar.gz"

[tools.helm."platforms.linux-x64"]
checksum = "sha256:70b2c30a19da4db264dfd68c8a3664e05093a361cefd89572ffb36f8abfa3d09"
url = "https://get.helm.sh/helm-v4.1.4-linux-amd64.tar.gz"

[tools.helm."platforms.linux-x64-musl"]
checksum = "sha256:70b2c30a19da4db264dfd68c8a3664e05093a361cefd89572ffb36f8abfa3d09"
url = "https://get.helm.sh/helm-v4.1.4-linux-amd64.tar.gz"

[tools.helm."platforms.macos-arm64"]
checksum = "sha256:7c2eca678e8001fa863cdf8cbf6ac1b3799f9404a89eb55c08260ef5732e658d"
url = "https://get.helm.sh/helm-v4.1.4-darwin-arm64.tar.gz"

[tools.helm."platforms.macos-x64"]
checksum = "sha256:abf09c8503ad1d8ef76d3737a058c3456a998aae5f5966fce4bb3031aeb1654e"
url = "https://get.helm.sh/helm-v4.1.4-darwin-amd64.tar.gz"

[tools.helm."platforms.windows-x64"]
checksum = "sha256:f6a7bca730093d5b859a33141d34361f1cc7bc358657b48c75ce36e1e8bdf8b6"
url = "https://get.helm.sh/helm-v4.1.4-windows-amd64.tar.gz"

[[tools.helm-docs]]
version = "1.14.2"
backend = "aqua:norwoodj/helm-docs"

[tools.helm-docs."platforms.linux-arm64"]
checksum = "sha256:c3787212332386dcd122debef7848feb165aa701467ae3e3442df7638f3ac4e4"
url = "https://github.com/norwoodj/helm-docs/releases/download/v1.14.2/helm-docs_1.14.2_Linux_arm64.tar.gz"

[tools.helm-docs."platforms.linux-arm64-musl"]
checksum = "sha256:c3787212332386dcd122debef7848feb165aa701467ae3e3442df7638f3ac4e4"
url = "https://github.com/norwoodj/helm-docs/releases/download/v1.14.2/helm-docs_1.14.2_Linux_arm64.tar.gz"

[tools.helm-docs."platforms.linux-x64"]
checksum = "sha256:a8cf72ada34fad93285ba2a452b38bdc5bd52cc9a571236244ec31022928d6cc"
url = "https://github.com/norwoodj/helm-docs/releases/download/v1.14.2/helm-docs_1.14.2_Linux_x86_64.tar.gz"

[tools.helm-docs."platforms.linux-x64-musl"]
checksum = "sha256:a8cf72ada34fad93285ba2a452b38bdc5bd52cc9a571236244ec31022928d6cc"
url = "https://github.com/norwoodj/helm-docs/releases/download/v1.14.2/helm-docs_1.14.2_Linux_x86_64.tar.gz"

[tools.helm-docs."platforms.macos-arm64"]
checksum = "sha256:2d8399db5b33d240d5f8985241bcf5483563150b968e3229823822979f3e4b8b"
url = "https://github.com/norwoodj/helm-docs/releases/download/v1.14.2/helm-docs_1.14.2_Darwin_arm64.tar.gz"

[tools.helm-docs."platforms.macos-x64"]
checksum = "sha256:b2f1ffd0feef8dc0901a38a2053481d1d67b63ca30da4ac774166c6b52fa2245"
url = "https://github.com/norwoodj/helm-docs/releases/download/v1.14.2/helm-docs_1.14.2_Darwin_x86_64.tar.gz"

[tools.helm-docs."platforms.windows-x64"]
checksum = "sha256:3c54fd78d99e2769cf83a0faf12cf6cd4de1cac6ed7bee8d908a2c8fc23f538c"
url = "https://github.com/norwoodj/helm-docs/releases/download/v1.14.2/helm-docs_1.14.2_Windows_x86_64.tar.gz"

[[tools.hk]]
version = "1.46.0"
backend = "aqua:jdx/hk"

[tools.hk."platforms.linux-arm64"]
checksum = "sha256:bad1b4e52cce2147646d943baa06a7bdb3d182ae0876853897a72225626411ae"
url = "https://github.com/jdx/hk/releases/download/v1.46.0/hk-aarch64-unknown-linux-gnu.tar.gz"

[tools.hk."platforms.linux-arm64-musl"]
checksum = "sha256:ad11b69485096ec5b1822f5bad298d2a44664b85d10d0308c812473b17b1321a"
url = "https://github.com/jdx/hk/releases/download/v1.46.0/hk-aarch64-unknown-linux-musl.tar.gz"

[tools.hk."platforms.linux-x64"]
checksum = "sha256:85b2cc167443cd27b49e323ef9b9d1a946d4bc18196eccb66112842d30fb90cb"
url = "https://github.com/jdx/hk/releases/download/v1.46.0/hk-x86_64-unknown-linux-gnu.tar.gz"

[tools.hk."platforms.linux-x64-baseline"]
checksum = "sha256:85b2cc167443cd27b49e323ef9b9d1a946d4bc18196eccb66112842d30fb90cb"
url = "https://github.com/jdx/hk/releases/download/v1.46.0/hk-x86_64-unknown-linux-gnu.tar.gz"

[tools.hk."platforms.linux-x64-musl"]
checksum = "sha256:4ff45e1bfc9672b1b00572b4a50fac3b57e4add622ed56e9e2587745299932eb"
url = "https://github.com/jdx/hk/releases/download/v1.46.0/hk-x86_64-unknown-linux-musl.tar.gz"

[tools.hk."platforms.linux-x64-musl-baseline"]
checksum = "sha256:4ff45e1bfc9672b1b00572b4a50fac3b57e4add622ed56e9e2587745299932eb"
url = "https://github.com/jdx/hk/releases/download/v1.46.0/hk-x86_64-unknown-linux-musl.tar.gz"

[tools.hk."platforms.macos-arm64"]
checksum = "sha256:9db3fac25754cfb929dc3f92b294fffdb966d4e838b8e0adeaf5b9b7eccc4f6c"
url = "https://github.com/jdx/hk/releases/download/v1.46.0/hk-aarch64-apple-darwin.tar.gz"

[tools.hk."platforms.windows-x64"]
checksum = "sha256:5af7e769acb7f70d8630ed53ae1fb2cc4b205117f29df5d83619fa0ff72a3bf1"
url = "https://github.com/jdx/hk/releases/download/v1.46.0/hk-x86_64-pc-windows-msvc.zip"

[tools.hk."platforms.windows-x64-baseline"]
checksum = "sha256:5af7e769acb7f70d8630ed53ae1fb2cc4b205117f29df5d83619fa0ff72a3bf1"
url = "https://github.com/jdx/hk/releases/download/v1.46.0/hk-x86_64-pc-windows-msvc.zip"

[[tools.kubectl]]
version = "1.34.7"
backend = "aqua:kubernetes/kubernetes/kubectl"

[tools.kubectl."platforms.linux-arm64"]
checksum = "sha256:93d2113f1f38b5709f2955b7981fcd37d675c9aafda81702c202a63361b6093b"
url = "https://dl.k8s.io/v1.34.7/bin/linux/arm64/kubectl"

[tools.kubectl."platforms.linux-arm64-musl"]
checksum = "sha256:93d2113f1f38b5709f2955b7981fcd37d675c9aafda81702c202a63361b6093b"
url = "https://dl.k8s.io/v1.34.7/bin/linux/arm64/kubectl"

[tools.kubectl."platforms.linux-x64"]
checksum = "sha256:b46ecf2b80f76d5a7d58c296c2e11e42c85eaa1eb866ddbc1e91625f71c21000"
url = "https://dl.k8s.io/v1.34.7/bin/linux/amd64/kubectl"

[tools.kubectl."platforms.linux-x64-musl"]
checksum = "sha256:b46ecf2b80f76d5a7d58c296c2e11e42c85eaa1eb866ddbc1e91625f71c21000"
url = "https://dl.k8s.io/v1.34.7/bin/linux/amd64/kubectl"

[tools.kubectl."platforms.macos-arm64"]
checksum = "sha256:f808be27a5cfc1d2cb7c94ad47b7edcdf2d1489099653862e78aced77efb57ff"
url = "https://dl.k8s.io/v1.34.7/bin/darwin/arm64/kubectl"

[tools.kubectl."platforms.macos-x64"]
checksum = "sha256:8f2109d4e9b33f073b9849bee0c43cd7e6dd3af91657cbcffd33b8d37b1d8e76"
url = "https://dl.k8s.io/v1.34.7/bin/darwin/amd64/kubectl"

[tools.kubectl."platforms.windows-x64"]
checksum = "sha256:cd158f0f6e4e7624a7d82706d13b9fa8c70aa3026658217a2cf260d0933c4aa9"
url = "https://dl.k8s.io/v1.34.7/bin/windows/amd64/kubectl.exe"

[[tools.pitchfork]]
version = "2.12.0"
backend = "aqua:jdx/pitchfork"

[tools.pitchfork."platforms.linux-arm64"]
checksum = "sha256:df782359a43c15e98413cee69956d6a9119394ecc293332d8317bca458f76678"
url = "https://github.com/endevco/pitchfork/releases/download/v2.12.0/pitchfork-aarch64-unknown-linux-gnu.tar.gz"

[tools.pitchfork."platforms.linux-x64"]
checksum = "sha256:dbd736e35df323a5733f9127b0e3d0993463ab64f9cb5c7708303013ce097bef"
url = "https://github.com/endevco/pitchfork/releases/download/v2.12.0/pitchfork-x86_64-unknown-linux-gnu.tar.gz"

[tools.pitchfork."platforms.linux-x64-baseline"]
checksum = "sha256:dbd736e35df323a5733f9127b0e3d0993463ab64f9cb5c7708303013ce097bef"
url = "https://github.com/endevco/pitchfork/releases/download/v2.12.0/pitchfork-x86_64-unknown-linux-gnu.tar.gz"

[tools.pitchfork."platforms.macos-arm64"]
checksum = "sha256:911247036e5913374bfd90d6f2abd75c491dbbd10809a18ff67413fa4ef47e89"
url = "https://github.com/endevco/pitchfork/releases/download/v2.12.0/pitchfork-aarch64-apple-darwin.tar.gz"

[tools.pitchfork."platforms.windows-x64"]
checksum = "sha256:4bf3b2a053179cdb789701839d16d90651d528f797cf1c592c2873f118cbfe68"
url = "https://github.com/endevco/pitchfork/releases/download/v2.12.0/pitchfork-x86_64-pc-windows-msvc.zip"

[tools.pitchfork."platforms.windows-x64-baseline"]
checksum = "sha256:4bf3b2a053179cdb789701839d16d90651d528f797cf1c592c2873f118cbfe68"
url = "https://github.com/endevco/pitchfork/releases/download/v2.12.0/pitchfork-x86_64-pc-windows-msvc.zip"

[[tools.pkl]]
version = "0.31.1"
backend = "aqua:apple/pkl"

[tools.pkl."platforms.linux-arm64"]
checksum = "sha256:7ef10e743daa921fb94ae7bdb9ec6986f362bf250c55814b9ea2aeb13f2d083e"
url = "https://github.com/apple/pkl/releases/download/0.31.1/pkl-linux-aarch64"

[tools.pkl."platforms.linux-arm64-musl"]
checksum = "sha256:7ef10e743daa921fb94ae7bdb9ec6986f362bf250c55814b9ea2aeb13f2d083e"
url = "https://github.com/apple/pkl/releases/download/0.31.1/pkl-linux-aarch64"

[tools.pkl."platforms.linux-x64"]
checksum = "sha256:618f13955d755cafbfe8c9cba1d27635848cd49dbc6abffd398d2751db1231bf"
url = "https://github.com/apple/pkl/releases/download/0.31.1/pkl-linux-amd64"

[tools.pkl."platforms.linux-x64-musl"]
checksum = "sha256:618f13955d755cafbfe8c9cba1d27635848cd49dbc6abffd398d2751db1231bf"
url = "https://github.com/apple/pkl/releases/download/0.31.1/pkl-linux-amd64"

[tools.pkl."platforms.macos-arm64"]
checksum = "sha256:1b6a5438d9624cd2798a7530721bbbfa27ef72efe5c878a1b6c546c6e7ca0e8f"
url = "https://github.com/apple/pkl/releases/download/0.31.1/pkl-macos-aarch64"

[tools.pkl."platforms.macos-x64"]
checksum = "sha256:22123ed4ae4c03afa8c54c69f77f0bec39b0fa0f67b09d6d148e0a376a2a471d"
url = "https://github.com/apple/pkl/releases/download/0.31.1/pkl-macos-amd64"

[tools.pkl."platforms.windows-x64"]
checksum = "sha256:a8834481667325b44c539dbb758d7365a16389070f343c04b639bbe525ede013"
url = "https://github.com/apple/pkl/releases/download/0.31.1/pkl-windows-amd64.exe"

[[tools.uv]]
version = "0.11.16"
backend = "aqua:astral-sh/uv"

[tools.uv."platforms.linux-arm64"]
checksum = "sha256:ac022d96411143b9a2dd75ea711fa8dd4cd14538bf248f2e5df3c10a80f7f6a4"
url = "https://github.com/astral-sh/uv/releases/download/0.11.16/uv-aarch64-unknown-linux-musl.tar.gz"
provenance = "github-attestations"

[tools.uv."platforms.linux-arm64-musl"]
checksum = "sha256:ac022d96411143b9a2dd75ea711fa8dd4cd14538bf248f2e5df3c10a80f7f6a4"
url = "https://github.com/astral-sh/uv/releases/download/0.11.16/uv-aarch64-unknown-linux-musl.tar.gz"
provenance = "github-attestations"

[tools.uv."platforms.linux-x64"]
checksum = "sha256:1bc4be1be0a000f893b0d1db97906cf392b63fa22fda9a0ecf33d0d4bbb4bc9a"
url = "https://github.com/astral-sh/uv/releases/download/0.11.16/uv-x86_64-unknown-linux-musl.tar.gz"
provenance = "github-attestations"

[tools.uv."platforms.linux-x64-baseline"]
checksum = "sha256:1bc4be1be0a000f893b0d1db97906cf392b63fa22fda9a0ecf33d0d4bbb4bc9a"
url = "https://github.com/astral-sh/uv/releases/download/0.11.16/uv-x86_64-unknown-linux-musl.tar.gz"
provenance = "github-attestations"

[tools.uv."platforms.linux-x64-musl"]
checksum = "sha256:1bc4be1be0a000f893b0d1db97906cf392b63fa22fda9a0ecf33d0d4bbb4bc9a"
url = "https://github.com/astral-sh/uv/releases/download/0.11.16/uv-x86_64-unknown-linux-musl.tar.gz"
provenance = "github-attestations"

[tools.uv."platforms.linux-x64-musl-baseline"]
checksum = "sha256:1bc4be1be0a000f893b0d1db97906cf392b63fa22fda9a0ecf33d0d4bbb4bc9a"
url = "https://github.com/astral-sh/uv/releases/download/0.11.16/uv-x86_64-unknown-linux-musl.tar.gz"
provenance = "github-attestations"

[tools.uv."platforms.macos-arm64"]
checksum = "sha256:2b25be1af546be330b340b0a76b99f989daa6d92678fdffb87438e661e9d88fb"
url = "https://github.com/astral-sh/uv/releases/download/0.11.16/uv-aarch64-apple-darwin.tar.gz"
provenance = "github-attestations"

[tools.uv."platforms.macos-x64"]
checksum = "sha256:6b91ae3de155f51bd1f5b74814821c79f016a176561f252cd9ddfb976939af2e"
url = "https://github.com/astral-sh/uv/releases/download/0.11.16/uv-x86_64-apple-darwin.tar.gz"
provenance = "github-attestations"

[tools.uv."platforms.macos-x64-baseline"]
checksum = "sha256:6b91ae3de155f51bd1f5b74814821c79f016a176561f252cd9ddfb976939af2e"
url = "https://github.com/astral-sh/uv/releases/download/0.11.16/uv-x86_64-apple-darwin.tar.gz"
provenance = "github-attestations"

[tools.uv."platforms.windows-x64"]
checksum = "sha256:dd9d6d6554bfab265bfa98aa8e8a406c5c3a7b97582f93de1f4d48d9154a0395"
url = "https://github.com/astral-sh/uv/releases/download/0.11.16/uv-x86_64-pc-windows-msvc.zip"
provenance = "github-attestations"

[tools.uv."platforms.windows-x64-baseline"]
checksum = "sha256:dd9d6d6554bfab265bfa98aa8e8a406c5c3a7b97582f93de1f4d48d9154a0395"
url = "https://github.com/astral-sh/uv/releases/download/0.11.16/uv-x86_64-pc-windows-msvc.zip"
provenance = "github-attestations"

[[tools.yq]]
version = "4.53.2"
backend = "aqua:mikefarah/yq"

[tools.yq."platforms.linux-arm64"]
checksum = "sha256:03061b2a50c7a498de2bbb92d7cb078ce433011f085a4994117c2726be4106ea"
url = "https://github.com/mikefarah/yq/releases/download/v4.53.2/yq_linux_arm64"

[tools.yq."platforms.linux-arm64-musl"]
checksum = "sha256:03061b2a50c7a498de2bbb92d7cb078ce433011f085a4994117c2726be4106ea"
url = "https://github.com/mikefarah/yq/releases/download/v4.53.2/yq_linux_arm64"

[tools.yq."platforms.linux-x64"]
checksum = "sha256:d56bf5c6819e8e696340c312bd70f849dc1678a7cda9c2ad63eebd906371d56b"
url = "https://github.com/mikefarah/yq/releases/download/v4.53.2/yq_linux_amd64"

[tools.yq."platforms.linux-x64-baseline"]
checksum = "sha256:d56bf5c6819e8e696340c312bd70f849dc1678a7cda9c2ad63eebd906371d56b"
url = "https://github.com/mikefarah/yq/releases/download/v4.53.2/yq_linux_amd64"

[tools.yq."platforms.linux-x64-musl"]
checksum = "sha256:d56bf5c6819e8e696340c312bd70f849dc1678a7cda9c2ad63eebd906371d56b"
url = "https://github.com/mikefarah/yq/releases/download/v4.53.2/yq_linux_amd64"

[tools.yq."platforms.linux-x64-musl-baseline"]
checksum = "sha256:d56bf5c6819e8e696340c312bd70f849dc1678a7cda9c2ad63eebd906371d56b"
url = "https://github.com/mikefarah/yq/releases/download/v4.53.2/yq_linux_amd64"

[tools.yq."platforms.macos-arm64"]
checksum = "sha256:541ba2287560df70f561955e2d7f7e1cd00cf2a15a884f6b5c87a4bfa887bc07"
url = "https://github.com/mikefarah/yq/releases/download/v4.53.2/yq_darwin_arm64"

[tools.yq."platforms.macos-x64"]
checksum = "sha256:616b0a0f6a5b79d746f05a169c2b9bb40dee00c605ef165b9a1c1681bba738ac"
url = "https://github.com/mikefarah/yq/releases/download/v4.53.2/yq_darwin_amd64"

[tools.yq."platforms.macos-x64-baseline"]
checksum = "sha256:616b0a0f6a5b79d746f05a169c2b9bb40dee00c605ef165b9a1c1681bba738ac"
url = "https://github.com/mikefarah/yq/releases/download/v4.53.2/yq_darwin_amd64"

[tools.yq."platforms.windows-x64"]
checksum = "sha256:2aee32f1de46a20672f48c25df3018839798bd509143f2ce05fdab1550ff5592"
url = "https://github.com/mikefarah/yq/releases/download/v4.53.2/yq_windows_amd64.exe"

[tools.yq."platforms.windows-x64-baseline"]
checksum = "sha256:2aee32f1de46a20672f48c25df3018839798bd509143f2ce05fdab1550ff5592"
url = "https://github.com/mikefarah/yq/releases/download/v4.53.2/yq_windows_amd64.exe"
